
Microsoft Visual Studio Solution File, Format Version 12.00
# Visual Studio 2013
VisualStudioVersion = 12.0.31101.0
MinimumVisualStudioVersion = 10.0.40219.1
Project("{581633EB-B896-402F-8E60-36F3DA191C85}") = "QUANLYTPBVNCH", "QUANLYTPBVNCH\QUANLYTPBVNCH.lsxtproj", "{33CA1D36-108E-4334-A8B1-C23053EB80D4}"
EndProject
Project("{F184B08F-C81C-45F6-A57F-5ABD9991F28F}") = "QUANLYTPBVNCH.Server", "QUANLYTPBVNCH\QUANLYTPBVNCH.Server\QUANLYTPBVNCH.Server.vbproj", "{EB9F19FC-9C19-4A5B-A2A1-C7943636FFDC}"
EndProject
Project("{F184B08F-C81C-45F6-A57F-5ABD9991F28F}") = "QUANLYTPBVNCH.DesktopClient", "QUANLYTPBVNCH\QUANLYTPBVNCH.DesktopClient\QUANLYTPBVNCH.DesktopClient.vbproj", "{6390F14F-9F14-4E5E-BE6D-5EBC42100F53}"
EndProject
Project("{262852C6-CD72-467D-83FE-5EEB1973A190}") = "QUANLYTPBVNCH.HTMLClient", "QUANLYTPBVNCH\QUANLYTPBVNCH.HTMLClient\QUANLYTPBVNCH.HTMLClient.jsproj", "{8D9DE990-3D0C-43CA-986A-AC42A34DC6FE}"
EndProject
Global
	GlobalSection(SolutionConfigurationPlatforms) = preSolution
		Debug|Any CPU = Debug|Any CPU
		Release|Any CPU = Release|Any CPU
	EndGlobalSection
	GlobalSection(ProjectConfigurationPlatforms) = postSolution
		{33CA1D36-108E-4334-A8B1-C23053EB80D4}.Debug|Any CPU.ActiveCfg = Debug|Any CPU
		{33CA1D36-108E-4334-A8B1-C23053EB80D4}.Debug|Any CPU.Build.0 = Debug|Any CPU
		{33CA1D36-108E-4334-A8B1-C23053EB80D4}.Release|Any CPU.ActiveCfg = Release|Any CPU
		{33CA1D36-108E-4334-A8B1-C23053EB80D4}.Release|Any CPU.Build.0 = Release|Any CPU
		{EB9F19FC-9C19-4A5B-A2A1-C7943636FFDC}.Debug|Any CPU.ActiveCfg = Debug|Any CPU
		{EB9F19FC-9C19-4A5B-A2A1-C7943636FFDC}.Debug|Any CPU.Build.0 = Debug|Any CPU
		{EB9F19FC-9C19-4A5B-A2A1-C7943636FFDC}.Release|Any CPU.ActiveCfg = Release|Any CPU
		{EB9F19FC-9C19-4A5B-A2A1-C7943636FFDC}.Release|Any CPU.Build.0 = Release|Any CPU
		{6390F14F-9F14-4E5E-BE6D-5EBC42100F53}.Debug|Any CPU.ActiveCfg = Debug|Any CPU
		{6390F14F-9F14-4E5E-BE6D-5EBC42100F53}.Debug|Any CPU.Build.0 = Debug|Any CPU
		{6390F14F-9F14-4E5E-BE6D-5EBC42100F53}.Release|Any CPU.ActiveCfg = Release|Any CPU
		{6390F14F-9F14-4E5E-BE6D-5EBC42100F53}.Release|Any CPU.Build.0 = Release|Any CPU
		{8D9DE990-3D0C-43CA-986A-AC42A34DC6FE}.Debug|Any CPU.ActiveCfg = Debug|Any CPU
		{8D9DE990-3D0C-43CA-986A-AC42A34DC6FE}.Debug|Any CPU.Build.0 = Debug|Any CPU
		{8D9DE990-3D0C-43CA-986A-AC42A34DC6FE}.Release|Any CPU.ActiveCfg = Release|Any CPU
		{8D9DE990-3D0C-43CA-986A-AC42A34DC6FE}.Release|Any CPU.Build.0 = Release|Any CPU
	EndGlobalSection
	GlobalSection(SolutionProperties) = preSolution
		HideSolutionNode = FALSE
	EndGlobalSection
EndGlobal
